
Microsoft Visual Studio Solution File, Format Version 12.00
# Visual Studio Version 17
VisualStudioVersion = 17.7.34018.315
MinimumVisualStudioVersion = 10.0.40219.1
Project("{FAE04EC0-301F-11D3-BF4B-00C04F79EFBC}") = "SignalRWebUI", "SignalRWebUI\SignalRWebUI.csproj", "{AF9287E6-011B-47D2-8D63-533B59D85DE1}"
EndProject
Project("{FAE04EC0-301F-11D3-BF4B-00C04F79EFBC}") = "SignalRApi", "SignalRApi\SignalRApi.csproj", "{03D421D1-A381-41AA-96A5-95485B82DA50}"
EndProject
Project("{FAE04EC0-301F-11D3-BF4B-00C04F79EFBC}") = "SignalR.EntityLayer", "SignalR.EntityLayer\SignalR.EntityLayer.csproj", "{40A6492C-71B1-4547-9816-9D569F55BD13}"
EndProject
Project("{FAE04EC0-301F-11D3-BF4B-00C04F79EFBC}") = "SignalR.DataAccessLayer", "SignalR.DataAccessLayer\SignalR.DataAccessLayer.csproj", "{C35E0665-A96E-4BF3-AE0C-F2BCBE48EB18}"
EndProject
Project("{FAE04EC0-301F-11D3-BF4B-00C04F79EFBC}") = "SignalR.DtoLayer", "SignalR.DtoLayer\SignalR.DtoLayer.csproj", "{0C62EF8D-E583-4776-9A1A-DDADC9E51A8A}"
EndProject
Project("{FAE04EC0-301F-11D3-BF4B-00C04F79EFBC}") = "SignalR.BusinessLayer", "SignalR.BusinessLayer\SignalR.BusinessLayer.csproj", "{6F7ED15C-EED4-4D43-9F23-0E2C05113BCD}"
EndProject
Global
	GlobalSection(SolutionConfigurationPlatforms) = preSolution
		Debug|Any CPU = Debug|Any CPU
		Release|Any CPU = Release|Any CPU
	EndGlobalSection
	GlobalSection(ProjectConfigurationPlatforms) = postSolution
		{AF9287E6-011B-47D2-8D63-533B59D85DE1}.Debug|Any CPU.ActiveCfg = Debug|Any CPU
		{AF9287E6-011B-47D2-8D63-533B59D85DE1}.Debug|Any CPU.Build.0 = Debug|Any CPU
		{AF9287E6-011B-47D2-8D63-533B59D85DE1}.Release|Any CPU.ActiveCfg = Release|Any CPU
		{AF9287E6-011B-47D2-8D63-533B59D85DE1}.Release|Any CPU.Build.0 = Release|Any CPU
		{03D421D1-A381-41AA-96A5-95485B82DA50}.Debug|Any CPU.ActiveCfg = Debug|Any CPU
		{03D421D1-A381-41AA-96A5-95485B82DA50}.Debug|Any CPU.Build.0 = Debug|Any CPU
		{03D421D1-A381-41AA-96A5-95485B82DA50}.Release|Any CPU.ActiveCfg = Release|Any CPU
		{03D421D1-A381-41AA-96A5-95485B82DA50}.Release|Any CPU.Build.0 = Release|Any CPU
		{40A6492C-71B1-4547-9816-9D569F55BD13}.Debug|Any CPU.ActiveCfg = Debug|Any CPU
		{40A6492C-71B1-4547-9816-9D569F55BD13}.Debug|Any CPU.Build.0 = Debug|Any CPU
		{40A6492C-71B1-4547-9816-9D569F55BD13}.Release|Any CPU.ActiveCfg = Release|Any CPU
		{40A6492C-71B1-4547-9816-9D569F55BD13}.Release|Any CPU.Build.0 = Release|Any CPU
		{C35E0665-A96E-4BF3-AE0C-F2BCBE48EB18}.Debug|Any CPU.ActiveCfg = Debug|Any CPU
		{C35E0665-A96E-4BF3-AE0C-F2BCBE48EB18}.Debug|Any CPU.Build.0 = Debug|Any CPU
		{C35E0665-A96E-4BF3-AE0C-F2BCBE48EB18}.Release|Any CPU.ActiveCfg = Release|Any CPU
		{C35E0665-A96E-4BF3-AE0C-F2BCBE48EB18}.Release|Any CPU.Build.0 = Release|Any CPU
		{0C62EF8D-E583-4776-9A1A-DDADC9E51A8A}.Debug|Any CPU.ActiveCfg = Debug|Any CPU
		{0C62EF8D-E583-4776-9A1A-DDADC9E51A8A}.Debug|Any CPU.Build.0 = Debug|Any CPU
		{0C62EF8D-E583-4776-9A1A-DDADC9E51A8A}.Release|Any CPU.ActiveCfg = Release|Any CPU
		{0C62EF8D-E583-4776-9A1A-DDADC9E51A8A}.Release|Any CPU.Build.0 = Release|Any CPU
		{6F7ED15C-EED4-4D43-9F23-0E2C05113BCD}.Debug|Any CPU.ActiveCfg = Debug|Any CPU
		{6F7ED15C-EED4-4D43-9F23-0E2C05113BCD}.Debug|Any CPU.Build.0 = Debug|Any CPU
		{6F7ED15C-EED4-4D43-9F23-0E2C05113BCD}.Release|Any CPU.ActiveCfg = Release|Any CPU
		{6F7ED15C-EED4-4D43-9F23-0E2C05113BCD}.Release|Any CPU.Build.0 = Release|Any CPU
	EndGlobalSection
	GlobalSection(SolutionProperties) = preSolution
		HideSolutionNode = FALSE
	EndGlobalSection
	GlobalSection(ExtensibilityGlobals) = postSolution
		SolutionGuid = {5AAA7F25-6B1E-4C8A-84FA-890D2924A3BB}
	EndGlobalSection
EndGlobal
