
Microsoft Visual Studio Solution File, Format Version 12.00
# Visual Studio Version 17
VisualStudioVersion = 17.7.34018.315
MinimumVisualStudioVersion = 10.0.40219.1
Project("{FAE04EC0-301F-11D3-BF4B-00C04F79EFBC}") = "SignalRWebUI", "SignalRWebUI\SignalRWebUI.csproj", "{AF9287E6-011B-47D2-8D63-533B59D85DE1}"
EndProject
Project("{FAE04EC0-301F-11D3-BF4B-00C04F79EFBC}") = "SignalRApi", "SignalRApi\SignalRApi.csproj", "{03D421D1-A381-41AA-96A5-95485B82DA50}"
EndProject
Project("{FAE04EC0-301F-11D3-BF4B-00C04F79EFBC}") = "SignalR.EntityLayer", "SignalR.EntityLayer\SignalR.EntityLayer.csproj", "{40A6492C-71B1-4547-9816-9D569F55BD13}"
EndProject
Global
	GlobalSection(SolutionConfigurationPlatforms) = preSolution
		Debug|Any CPU = Debug|Any CPU
		Release|Any CPU = Release|Any CPU
	EndGlobalSection
	GlobalSection(ProjectConfigurationPlatforms) = postSolution
		{AF9287E6-011B-47D2-8D63-533B59D85DE1}.Debug|Any CPU.ActiveCfg = Debug|Any CPU
		{AF9287E6-011B-47D2-8D63-533B59D85DE1}.Debug|Any CPU.Build.0 = Debug|Any CPU
		{AF9287E6-011B-47D2-8D63-533B59D85DE1}.Release|Any CPU.ActiveCfg = Release|Any CPU
		{AF9287E6-011B-47D2-8D63-533B59D85DE1}.Release|Any CPU.Build.0 = Release|Any CPU
		{03D421D1-A381-41AA-96A5-95485B82DA50}.Debug|Any CPU.ActiveCfg = Debug|Any CPU
		{03D421D1-A381-41AA-96A5-95485B82DA50}.Debug|Any CPU.Build.0 = Debug|Any CPU
		{03D421D1-A381-41AA-96A5-95485B82DA50}.Release|Any CPU.ActiveCfg = Release|Any CPU
		{03D421D1-A381-41AA-96A5-95485B82DA50}.Release|Any CPU.Build.0 = Release|Any CPU
		{40A6492C-71B1-4547-9816-9D569F55BD13}.Debug|Any CPU.ActiveCfg = Debug|Any CPU
		{40A6492C-71B1-4547-9816-9D569F55BD13}.Debug|Any CPU.Build.0 = Debug|Any CPU
		{40A6492C-71B1-4547-9816-9D569F55BD13}.Release|Any CPU.ActiveCfg = Release|Any CPU
		{40A6492C-71B1-4547-9816-9D569F55BD13}.Release|Any CPU.Build.0 = Release|Any CPU
	EndGlobalSection
	GlobalSection(SolutionProperties) = preSolution
		HideSolutionNode = FALSE
	EndGlobalSection
	GlobalSection(ExtensibilityGlobals) = postSolution
		SolutionGuid = {5AAA7F25-6B1E-4C8A-84FA-890D2924A3BB}
	EndGlobalSection
EndGlobal
